
Microsoft Visual Studio Solution File, Format Version 12.00
# Visual Studio 15
Project("{FAE04EC0-301F-11D3-BF4B-00C04F79EFBC}") = "SteamVR", "SteamVR.csproj", "{4EE4CF6C-8FAB-D7C3-A777-3899AB3CB948}"
EndProject
Project("{FAE04EC0-301F-11D3-BF4B-00C04F79EFBC}") = "Assembly-CSharp", "Assembly-CSharp.csproj", "{F813256C-166E-88C4-E1C3-D3582A7B8858}"
EndProject
Project("{FAE04EC0-301F-11D3-BF4B-00C04F79EFBC}") = "SteamVR_Actions", "SteamVR_Actions.csproj", "{5939EF03-C4B4-F02C-D659-A6EDCF34C820}"
EndProject
Project("{FAE04EC0-301F-11D3-BF4B-00C04F79EFBC}") = "SteamVR_Editor", "SteamVR_Editor.csproj", "{C5EF72F5-48D7-76DF-2032-62024FE84918}"
EndProject
Project("{FAE04EC0-301F-11D3-BF4B-00C04F79EFBC}") = "SteamVR_Input_Editor", "SteamVR_Input_Editor.csproj", "{D74A17BC-F5B4-C279-3B22-DCE639EF2464}"
EndProject
Project("{FAE04EC0-301F-11D3-BF4B-00C04F79EFBC}") = "Assembly-CSharp-Editor", "Assembly-CSharp-Editor.csproj", "{57C9E20D-4F1D-4AD8-BF84-F4FF888A913B}"
EndProject
Project("{FAE04EC0-301F-11D3-BF4B-00C04F79EFBC}") = "SteamVR_Windows_EditorHelper", "SteamVR_Windows_EditorHelper.csproj", "{94BEC28A-2DB9-09A6-D44D-E967B5351426}"
EndProject
Global
	GlobalSection(SolutionConfigurationPlatforms) = preSolution
		Debug|Any CPU = Debug|Any CPU
		Release|Any CPU = Release|Any CPU
	EndGlobalSection
	GlobalSection(ProjectConfigurationPlatforms) = postSolution
		{4EE4CF6C-8FAB-D7C3-A777-3899AB3CB948}.Debug|Any CPU.ActiveCfg = Debug|Any CPU
		{4EE4CF6C-8FAB-D7C3-A777-3899AB3CB948}.Debug|Any CPU.Build.0 = Debug|Any CPU
		{4EE4CF6C-8FAB-D7C3-A777-3899AB3CB948}.Release|Any CPU.ActiveCfg = Release|Any CPU
		{4EE4CF6C-8FAB-D7C3-A777-3899AB3CB948}.Release|Any CPU.Build.0 = Release|Any CPU
		{F813256C-166E-88C4-E1C3-D3582A7B8858}.Debug|Any CPU.ActiveCfg = Debug|Any CPU
		{F813256C-166E-88C4-E1C3-D3582A7B8858}.Debug|Any CPU.Build.0 = Debug|Any CPU
		{F813256C-166E-88C4-E1C3-D3582A7B8858}.Release|Any CPU.ActiveCfg = Release|Any CPU
		{F813256C-166E-88C4-E1C3-D3582A7B8858}.Release|Any CPU.Build.0 = Release|Any CPU
		{5939EF03-C4B4-F02C-D659-A6EDCF34C820}.Debug|Any CPU.ActiveCfg = Debug|Any CPU
		{5939EF03-C4B4-F02C-D659-A6EDCF34C820}.Debug|Any CPU.Build.0 = Debug|Any CPU
		{5939EF03-C4B4-F02C-D659-A6EDCF34C820}.Release|Any CPU.ActiveCfg = Release|Any CPU
		{5939EF03-C4B4-F02C-D659-A6EDCF34C820}.Release|Any CPU.Build.0 = Release|Any CPU
		{C5EF72F5-48D7-76DF-2032-62024FE84918}.Debug|Any CPU.ActiveCfg = Debug|Any CPU
		{C5EF72F5-48D7-76DF-2032-62024FE84918}.Debug|Any CPU.Build.0 = Debug|Any CPU
		{C5EF72F5-48D7-76DF-2032-62024FE84918}.Release|Any CPU.ActiveCfg = Release|Any CPU
		{C5EF72F5-48D7-76DF-2032-62024FE84918}.Release|Any CPU.Build.0 = Release|Any CPU
		{D74A17BC-F5B4-C279-3B22-DCE639EF2464}.Debug|Any CPU.ActiveCfg = Debug|Any CPU
		{D74A17BC-F5B4-C279-3B22-DCE639EF2464}.Debug|Any CPU.Build.0 = Debug|Any CPU
		{D74A17BC-F5B4-C279-3B22-DCE639EF2464}.Release|Any CPU.ActiveCfg = Release|Any CPU
		{D74A17BC-F5B4-C279-3B22-DCE639EF2464}.Release|Any CPU.Build.0 = Release|Any CPU
		{57C9E20D-4F1D-4AD8-BF84-F4FF888A913B}.Debug|Any CPU.ActiveCfg = Debug|Any CPU
		{57C9E20D-4F1D-4AD8-BF84-F4FF888A913B}.Debug|Any CPU.Build.0 = Debug|Any CPU
		{57C9E20D-4F1D-4AD8-BF84-F4FF888A913B}.Release|Any CPU.ActiveCfg = Release|Any CPU
		{57C9E20D-4F1D-4AD8-BF84-F4FF888A913B}.Release|Any CPU.Build.0 = Release|Any CPU
		{94BEC28A-2DB9-09A6-D44D-E967B5351426}.Debug|Any CPU.ActiveCfg = Debug|Any CPU
		{94BEC28A-2DB9-09A6-D44D-E967B5351426}.Debug|Any CPU.Build.0 = Debug|Any CPU
		{94BEC28A-2DB9-09A6-D44D-E967B5351426}.Release|Any CPU.ActiveCfg = Release|Any CPU
		{94BEC28A-2DB9-09A6-D44D-E967B5351426}.Release|Any CPU.Build.0 = Release|Any CPU
	EndGlobalSection
	GlobalSection(SolutionProperties) = preSolution
		HideSolutionNode = FALSE
	EndGlobalSection
EndGlobal
